
Microsoft Visual Studio Solution File, Format Version 12.00
# Visual Studio Version 17
VisualStudioVersion = 17.0.32014.148
MinimumVisualStudioVersion = 10.0.40219.1
Project("{9A19103F-16F7-4668-BE54-9A1E7A4F7556}") = "BasicWebServer.Demo", "BasicWebServer\BasicWebServer.Demo.csproj", "{3EA7A436-AA48-42E9-B407-E6CED1C225A7}"
EndProject
Project("{FAE04EC0-301F-11D3-BF4B-00C04F79EFBC}") = "BasicWebServer.Server", "BasiWebServer.Server\BasicWebServer.Server.csproj", "{A8973039-264F-4D59-A26F-77E986AD4850}"
EndProject
Global
	GlobalSection(SolutionConfigurationPlatforms) = preSolution
		Debug|Any CPU = Debug|Any CPU
		Release|Any CPU = Release|Any CPU
	EndGlobalSection
	GlobalSection(ProjectConfigurationPlatforms) = postSolution
		{3EA7A436-AA48-42E9-B407-E6CED1C225A7}.Debug|Any CPU.ActiveCfg = Debug|Any CPU
		{3EA7A436-AA48-42E9-B407-E6CED1C225A7}.Debug|Any CPU.Build.0 = Debug|Any CPU
		{3EA7A436-AA48-42E9-B407-E6CED1C225A7}.Release|Any CPU.ActiveCfg = Release|Any CPU
		{3EA7A436-AA48-42E9-B407-E6CED1C225A7}.Release|Any CPU.Build.0 = Release|Any CPU
		{A8973039-264F-4D59-A26F-77E986AD4850}.Debug|Any CPU.ActiveCfg = Debug|Any CPU
		{A8973039-264F-4D59-A26F-77E986AD4850}.Debug|Any CPU.Build.0 = Debug|Any CPU
		{A8973039-264F-4D59-A26F-77E986AD4850}.Release|Any CPU.ActiveCfg = Release|Any CPU
		{A8973039-264F-4D59-A26F-77E986AD4850}.Release|Any CPU.Build.0 = Release|Any CPU
	EndGlobalSection
	GlobalSection(SolutionProperties) = preSolution
		HideSolutionNode = FALSE
	EndGlobalSection
	GlobalSection(ExtensibilityGlobals) = postSolution
		SolutionGuid = {26F2D3D4-97E6-4A12-8C10-ACBB00914106}
	EndGlobalSection
EndGlobal
