
Microsoft Visual Studio Solution File, Format Version 12.00
# Visual Studio Version 17
VisualStudioVersion = 17.0.32014.148
MinimumVisualStudioVersion = 10.0.40219.1
Project("{FAE04EC0-301F-11D3-BF4B-00C04F79EFBC}") = "SUHttpServer", "SUHttpServer\SUHttpServer.csproj", "{199561EC-336E-4084-A3ED-99A5DF760093}"
EndProject
Global
	GlobalSection(SolutionConfigurationPlatforms) = preSolution
		Debug|Any CPU = Debug|Any CPU
		Release|Any CPU = Release|Any CPU
	EndGlobalSection
	GlobalSection(ProjectConfigurationPlatforms) = postSolution
		{199561EC-336E-4084-A3ED-99A5DF760093}.Debug|Any CPU.ActiveCfg = Debug|Any CPU
		{199561EC-336E-4084-A3ED-99A5DF760093}.Debug|Any CPU.Build.0 = Debug|Any CPU
		{199561EC-336E-4084-A3ED-99A5DF760093}.Release|Any CPU.ActiveCfg = Release|Any CPU
		{199561EC-336E-4084-A3ED-99A5DF760093}.Release|Any CPU.Build.0 = Release|Any CPU
	EndGlobalSection
	GlobalSection(SolutionProperties) = preSolution
		HideSolutionNode = FALSE
	EndGlobalSection
	GlobalSection(ExtensibilityGlobals) = postSolution
		SolutionGuid = {FB051D9D-D1E7-4256-A2AA-CB352825C37F}
	EndGlobalSection
EndGlobal
